// !$*UTF8*$!
{
	archiveVersion = 1;
	classes = {
	};
	objectVersion = 46;
	objects = {

/* Begin PBXBuildFile section */
		602A755E1A0AFAD0001B2381 /* main.cpp in Sources */ = {isa = PBXBuildFile; fileRef = 602A755D1A0AFAD0001B2381 /* main.cpp */; };
/* End PBXBuildFile section */

/* Begin PBXCopyFilesBuildPhase section */
		602A75581A0AFAD0001B2381 /* CopyFiles */ = {
			isa = PBXCopyFilesBuildPhase;
			buildActionMask = 2147483647;
			dstPath = /usr/share/man/man1/;
			dstSubfolderSpec = 0;
			files = (
			);
			runOnlyForDeploymentPostprocessing = 1;
		};
/* End PBXCopyFilesBuildPhase section */

/* Begin PBXFileReference section */
		602A755A1A0AFAD0001B2381 /* Decimal Convert to Binary */ = {isa = PBXFileReference; explicitFileType = "compiled.mach-o.executable"; includeInIndex = 0; path = "Decimal Convert to Binary"; sourceTree = BUILT_PRODUCTS_DIR; };
		602A755D1A0AFAD0001B2381 /* main.cpp */ = {isa = PBXFileReference; lastKnownFileType = sourcecode.cpp.cpp; path = main.cpp; sourceTree = "<group>"; };
/* End PBXFileReference section */

/* Begin PBXFrameworksBuildPhase section */
		602A75571A0AFAD0001B2381 /* Frameworks */ = {
			isa = PBXFrameworksBuildPhase;
			buildActionMask = 2147483647;
			files = (
			);
			runOnlyForDeploymentPostprocessing = 0;
		};
/* End PBXFrameworksBuildPhase section */

/* Begin PBXGroup section */
		602A75511A0AFAD0001B2381 = {
			isa = PBXGroup;
			children = (
				602A755C1A0AFAD0001B2381 /* Decimal Convert to Binary */,
				602A755B1A0AFAD0001B2381 /* Products */,
			);
			sourceTree = "<group>";
		};
		602A755B1A0AFAD0001B2381 /* Products */ = {
			isa = PBXGroup;
			children = (
				602A755A1A0AFAD0001B2381 /* Decimal Convert to Binary */,
			);
			name = Products;
			sourceTree = "<group>";
		};
		602A755C1A0AFAD0001B2381 /* Decimal Convert to Binary */ = {
			isa = PBXGroup;
			children = (
				602A755D1A0AFAD0001B2381 /* main.cpp */,
			);
			path = "Decimal Convert to Binary";
			sourceTree = "<group>";
		};
/* End PBXGroup section */

/* Begin PBXNativeTarget section */
		602A75591A0AFAD0001B2381 /* Decimal Convert to Binary */ = {
			isa = PBXNativeTarget;
			buildConfigurationList = 602A75611A0AFAD0001B2381 /* Build configuration list for PBXNativeTarget "Decimal Convert to Binary" */;
			buildPhases = (
				602A75561A0AFAD0001B2381 /* Sources */,
				602A75571A0AFAD0001B2381 /* Frameworks */,
				602A75581A0AFAD0001B2381 /* CopyFiles */,
			);
			buildRules = (
			);
			dependencies = (
			);
			name = "Decimal Convert to Binary";
			productName = "Decimal Convert to Binary";
			productReference = 602A755A1A0AFAD0001B2381 /* Decimal Convert to Binary */;
			productType = "com.apple.product-type.tool";
		};
/* End PBXNativeTarget section */

/* Begin PBXProject section */
		602A75521A0AFAD0001B2381 /* Project object */ = {
			isa = PBXProject;
			attributes = {
				LastUpgradeCheck = 0610;
				ORGANIZATIONNAME = "Shuai Wang";
				TargetAttributes = {
					602A75591A0AFAD0001B2381 = {
						CreatedOnToolsVersion = 6.1;
					};
				};
			};
			buildConfigurationList = 602A75551A0AFAD0001B2381 /* Build configuration list for PBXProject "Decimal Convert to Binary" */;
			compatibilityVersion = "Xcode 3.2";
			developmentRegion = English;
			hasScannedForEncodings = 0;
			knownRegions = (
				en,
			);
			mainGroup = 602A75511A0AFAD0001B2381;
			productRefGroup = 602A755B1A0AFAD0001B2381 /* Products */;
			projectDirPath = "";
			projectRoot = "";
			targets = (
				602A75591A0AFAD0001B2381 /* Decimal Convert to Binary */,
			);
		};
/* End PBXProject section */

/* Begin PBXSourcesBuildPhase section */
		602A75561A0AFAD0001B2381 /* Sources */ = {
			isa = PBXSourcesBuildPhase;
			buildActionMask = 2147483647;
			files = (
				602A755E1A0AFAD0001B2381 /* main.cpp in Sources */,
			);
			runOnlyForDeploymentPostprocessing = 0;
		};
/* End PBXSourcesBuildPhase section */

/* Begin XCBuildConfiguration section */
		602A755F1A0AFAD0001B2381 /* Debug */ = {
			isa = XCBuildConfiguration;
			buildSettings = {
				ALWAYS_SEARCH_USER_PATHS = NO;
				CLANG_CXX_LANGUAGE_STANDARD = "gnu++0x";
				CLANG_CXX_LIBRARY = "libc++";
				CLANG_ENABLE_MODULES = YES;
				CLANG_ENABLE_OBJC_ARC = YES;
				CLANG_WARN_BOOL_CONVERSION = YES;
				CLANG_WARN_CONSTANT_CONVERSION = YES;
				CLANG_WARN_DIRECT_OBJC_ISA_USAGE = YES_ERROR;
				CLANG_WARN_EMPTY_BODY = YES;
				CLANG_WARN_ENUM_CONVERSION = YES;
				CLANG_WARN_INT_CONVERSION = YES;
				CLANG_WARN_OBJC_ROOT_CLASS = YES_ERROR;
				CLANG_WARN_UNREACHABLE_CODE = YES;
				CLANG_WARN__DUPLICATE_METHOD_MATCH = YES;
				COPY_PHASE_STRIP = NO;
				ENABLE_STRICT_OBJC_MSGSEND = YES;
				GCC_C_LANGUAGE_STANDARD = gnu99;
				GCC_DYNAMIC_NO_PIC = NO;
				GCC_OPTIMIZATION_LEVEL = 0;
				GCC_PREPROCESSOR_DEFINITIONS = (
					"DEBUG=1",
					"$(inherited)",
				);
				GCC_SYMBOLS_PRIVATE_EXTERN = NO;
				GCC_WARN_64_TO_32_BIT_CONVERSION = YES;
				GCC_WARN_ABOUT_RETURN_TYPE = YES_ERROR;
				GCC_WARN_UNDECLARED_SELECTOR = YES;
				GCC_WARN_UNINITIALIZED_AUTOS = YES_AGGRESSIVE;
				GCC_WARN_UNUSED_FUNCTION = YES;
				GCC_WARN_UNUSED_VARIABLE = YES;
				MACOSX_DEPLOYMENT_TARGET = 10.10;
				MTL_ENABLE_DEBUG_INFO = YES;
				ONLY_ACTIVE_ARCH = YES;
				SDKROOT = macosx;
			};
			name = Debug;
		};
		602A75601A0AFAD0001B2381 /* Release */ = {
			isa = XCBuildConfiguration;
			buildSettings = {
				ALWAYS_SEARCH_USER_PATHS = NO;
				CLANG_CXX_LANGUAGE_STANDARD = "gnu++0x";
				CLANG_CXX_LIBRARY = "libc++";
				CLANG_ENABLE_MODULES = YES;
				CLANG_ENABLE_OBJC_ARC = YES;
				CLANG_WARN_BOOL_CONVERSION = YES;
				CLANG_WARN_CONSTANT_CONVERSION = YES;
				CLANG_WARN_DIRECT_OBJC_ISA_USAGE = YES_ERROR;
				CLANG_WARN_EMPTY_BODY = YES;
				CLANG_WARN_ENUM_CONVERSION = YES;
				CLANG_WARN_INT_CONVERSION = YES;
				CLANG_WARN_OBJC_ROOT_CLASS = YES_ERROR;
				CLANG_WARN_UNREACHABLE_CODE = YES;
				CLANG_WARN__DUPLICATE_METHOD_MATCH = YES;
				COPY_PHASE_STRIP = YES;
				DEBUG_INFORMATION_FORMAT = "dwarf-with-dsym";
				ENABLE_NS_ASSERTIONS = NO;
				ENABLE_STRICT_OBJC_MSGSEND = YES;
				GCC_C_LANGUAGE_STANDARD = gnu99;
				GCC_WARN_64_TO_32_BIT_CONVERSION = YES;
				GCC_WARN_ABOUT_RETURN_TYPE = YES_ERROR;
				GCC_WARN_UNDECLARED_SELECTOR = YES;
				GCC_WARN_UNINITIALIZED_AUTOS = YES_AGGRESSIVE;
				GCC_WARN_UNUSED_FUNCTION = YES;
				GCC_WARN_UNUSED_VARIABLE = YES;
				MACOSX_DEPLOYMENT_TARGET = 10.10;
				MTL_ENABLE_DEBUG_INFO = NO;
				SDKROOT = macosx;
			};
			name = Release;
		};
		602A75621A0AFAD0001B2381 /* Debug */ = {
			isa = XCBuildConfiguration;
			buildSettings = {
				PRODUCT_NAME = "$(TARGET_NAME)";
			};
			name = Debug;
		};
		602A75631A0AFAD0001B2381 /* Release */ = {
			isa = XCBuildConfiguration;
			buildSettings = {
				PRODUCT_NAME = "$(TARGET_NAME)";
			};
			name = Release;
		};
/* End XCBuildConfiguration section */

/* Begin XCConfigurationList section */
		602A75551A0AFAD0001B2381 /* Build configuration list for PBXProject "Decimal Convert to Binary" */ = {
			isa = XCConfigurationList;
			buildConfigurations = (
				602A755F1A0AFAD0001B2381 /* Debug */,
				602A75601A0AFAD0001B2381 /* Release */,
			);
			defaultConfigurationIsVisible = 0;
			defaultConfigurationName = Release;
		};
		602A75611A0AFAD0001B2381 /* Build configuration list for PBXNativeTarget "Decimal Convert to Binary" */ = {
			isa = XCConfigurationList;
			buildConfigurations = (
				602A75621A0AFAD0001B2381 /* Debug */,
				602A75631A0AFAD0001B2381 /* Release */,
			);
			defaultConfigurationIsVisible = 0;
		};
/* End XCConfigurationList section */
	};
	rootObject = 602A75521A0AFAD0001B2381 /* Project object */;
}
