// !$*UTF8*$!
{
	archiveVersion = 1;
	classes = {
	};
	objectVersion = 46;
	objects = {

/* Begin PBXBuildFile section */
		60EFD1BA1A075A3300FE1320 /* main.cpp in Sources */ = {isa = PBXBuildFile; fileRef = 60EFD1B91A075A3300FE1320 /* main.cpp */; };
/* End PBXBuildFile section */

/* Begin PBXCopyFilesBuildPhase section */
		60EFD1B41A075A3300FE1320 /* CopyFiles */ = {
			isa = PBXCopyFilesBuildPhase;
			buildActionMask = 2147483647;
			dstPath = /usr/share/man/man1/;
			dstSubfolderSpec = 0;
			files = (
			);
			runOnlyForDeploymentPostprocessing = 1;
		};
/* End PBXCopyFilesBuildPhase section */

/* Begin PBXFileReference section */
		60EFD1B61A075A3300FE1320 /* Check Palindrome Linkedlist */ = {isa = PBXFileReference; explicitFileType = "compiled.mach-o.executable"; includeInIndex = 0; path = "Check Palindrome Linkedlist"; sourceTree = BUILT_PRODUCTS_DIR; };
		60EFD1B91A075A3300FE1320 /* main.cpp */ = {isa = PBXFileReference; lastKnownFileType = sourcecode.cpp.cpp; path = main.cpp; sourceTree = "<group>"; };
/* End PBXFileReference section */

/* Begin PBXFrameworksBuildPhase section */
		60EFD1B31A075A3300FE1320 /* Frameworks */ = {
			isa = PBXFrameworksBuildPhase;
			buildActionMask = 2147483647;
			files = (
			);
			runOnlyForDeploymentPostprocessing = 0;
		};
/* End PBXFrameworksBuildPhase section */

/* Begin PBXGroup section */
		60EFD1AD1A075A3300FE1320 = {
			isa = PBXGroup;
			children = (
				60EFD1B81A075A3300FE1320 /* Check Palindrome Linkedlist */,
				60EFD1B71A075A3300FE1320 /* Products */,
			);
			sourceTree = "<group>";
		};
		60EFD1B71A075A3300FE1320 /* Products */ = {
			isa = PBXGroup;
			children = (
				60EFD1B61A075A3300FE1320 /* Check Palindrome Linkedlist */,
			);
			name = Products;
			sourceTree = "<group>";
		};
		60EFD1B81A075A3300FE1320 /* Check Palindrome Linkedlist */ = {
			isa = PBXGroup;
			children = (
				60EFD1B91A075A3300FE1320 /* main.cpp */,
			);
			path = "Check Palindrome Linkedlist";
			sourceTree = "<group>";
		};
/* End PBXGroup section */

/* Begin PBXNativeTarget section */
		60EFD1B51A075A3300FE1320 /* Check Palindrome Linkedlist */ = {
			isa = PBXNativeTarget;
			buildConfigurationList = 60EFD1BD1A075A3300FE1320 /* Build configuration list for PBXNativeTarget "Check Palindrome Linkedlist" */;
			buildPhases = (
				60EFD1B21A075A3300FE1320 /* Sources */,
				60EFD1B31A075A3300FE1320 /* Frameworks */,
				60EFD1B41A075A3300FE1320 /* CopyFiles */,
			);
			buildRules = (
			);
			dependencies = (
			);
			name = "Check Palindrome Linkedlist";
			productName = "Check Palindrome Linkedlist";
			productReference = 60EFD1B61A075A3300FE1320 /* Check Palindrome Linkedlist */;
			productType = "com.apple.product-type.tool";
		};
/* End PBXNativeTarget section */

/* Begin PBXProject section */
		60EFD1AE1A075A3300FE1320 /* Project object */ = {
			isa = PBXProject;
			attributes = {
				LastUpgradeCheck = 0610;
				ORGANIZATIONNAME = "Shuai Wang";
				TargetAttributes = {
					60EFD1B51A075A3300FE1320 = {
						CreatedOnToolsVersion = 6.1;
					};
				};
			};
			buildConfigurationList = 60EFD1B11A075A3300FE1320 /* Build configuration list for PBXProject "Check Palindrome Linkedlist" */;
			compatibilityVersion = "Xcode 3.2";
			developmentRegion = English;
			hasScannedForEncodings = 0;
			knownRegions = (
				en,
			);
			mainGroup = 60EFD1AD1A075A3300FE1320;
			productRefGroup = 60EFD1B71A075A3300FE1320 /* Products */;
			projectDirPath = "";
			projectRoot = "";
			targets = (
				60EFD1B51A075A3300FE1320 /* Check Palindrome Linkedlist */,
			);
		};
/* End PBXProject section */

/* Begin PBXSourcesBuildPhase section */
		60EFD1B21A075A3300FE1320 /* Sources */ = {
			isa = PBXSourcesBuildPhase;
			buildActionMask = 2147483647;
			files = (
				60EFD1BA1A075A3300FE1320 /* main.cpp in Sources */,
			);
			runOnlyForDeploymentPostprocessing = 0;
		};
/* End PBXSourcesBuildPhase section */

/* Begin XCBuildConfiguration section */
		60EFD1BB1A075A3300FE1320 /* Debug */ = {
			isa = XCBuildConfiguration;
			buildSettings = {
				ALWAYS_SEARCH_USER_PATHS = NO;
				CLANG_CXX_LANGUAGE_STANDARD = "gnu++0x";
				CLANG_CXX_LIBRARY = "libc++";
				CLANG_ENABLE_MODULES = YES;
				CLANG_ENABLE_OBJC_ARC = YES;
				CLANG_WARN_BOOL_CONVERSION = YES;
				CLANG_WARN_CONSTANT_CONVERSION = YES;
				CLANG_WARN_DIRECT_OBJC_ISA_USAGE = YES_ERROR;
				CLANG_WARN_EMPTY_BODY = YES;
				CLANG_WARN_ENUM_CONVERSION = YES;
				CLANG_WARN_INT_CONVERSION = YES;
				CLANG_WARN_OBJC_ROOT_CLASS = YES_ERROR;
				CLANG_WARN_UNREACHABLE_CODE = YES;
				CLANG_WARN__DUPLICATE_METHOD_MATCH = YES;
				COPY_PHASE_STRIP = NO;
				ENABLE_STRICT_OBJC_MSGSEND = YES;
				GCC_C_LANGUAGE_STANDARD = gnu99;
				GCC_DYNAMIC_NO_PIC = NO;
				GCC_OPTIMIZATION_LEVEL = 0;
				GCC_PREPROCESSOR_DEFINITIONS = (
					"DEBUG=1",
					"$(inherited)",
				);
				GCC_SYMBOLS_PRIVATE_EXTERN = NO;
				GCC_WARN_64_TO_32_BIT_CONVERSION = YES;
				GCC_WARN_ABOUT_RETURN_TYPE = YES_ERROR;
				GCC_WARN_UNDECLARED_SELECTOR = YES;
				GCC_WARN_UNINITIALIZED_AUTOS = YES_AGGRESSIVE;
				GCC_WARN_UNUSED_FUNCTION = YES;
				GCC_WARN_UNUSED_VARIABLE = YES;
				MACOSX_DEPLOYMENT_TARGET = 10.10;
				MTL_ENABLE_DEBUG_INFO = YES;
				ONLY_ACTIVE_ARCH = YES;
				SDKROOT = macosx;
			};
			name = Debug;
		};
		60EFD1BC1A075A3300FE1320 /* Release */ = {
			isa = XCBuildConfiguration;
			buildSettings = {
				ALWAYS_SEARCH_USER_PATHS = NO;
				CLANG_CXX_LANGUAGE_STANDARD = "gnu++0x";
				CLANG_CXX_LIBRARY = "libc++";
				CLANG_ENABLE_MODULES = YES;
				CLANG_ENABLE_OBJC_ARC = YES;
				CLANG_WARN_BOOL_CONVERSION = YES;
				CLANG_WARN_CONSTANT_CONVERSION = YES;
				CLANG_WARN_DIRECT_OBJC_ISA_USAGE = YES_ERROR;
				CLANG_WARN_EMPTY_BODY = YES;
				CLANG_WARN_ENUM_CONVERSION = YES;
				CLANG_WARN_INT_CONVERSION = YES;
				CLANG_WARN_OBJC_ROOT_CLASS = YES_ERROR;
				CLANG_WARN_UNREACHABLE_CODE = YES;
				CLANG_WARN__DUPLICATE_METHOD_MATCH = YES;
				COPY_PHASE_STRIP = YES;
				DEBUG_INFORMATION_FORMAT = "dwarf-with-dsym";
				ENABLE_NS_ASSERTIONS = NO;
				ENABLE_STRICT_OBJC_MSGSEND = YES;
				GCC_C_LANGUAGE_STANDARD = gnu99;
				GCC_WARN_64_TO_32_BIT_CONVERSION = YES;
				GCC_WARN_ABOUT_RETURN_TYPE = YES_ERROR;
				GCC_WARN_UNDECLARED_SELECTOR = YES;
				GCC_WARN_UNINITIALIZED_AUTOS = YES_AGGRESSIVE;
				GCC_WARN_UNUSED_FUNCTION = YES;
				GCC_WARN_UNUSED_VARIABLE = YES;
				MACOSX_DEPLOYMENT_TARGET = 10.10;
				MTL_ENABLE_DEBUG_INFO = NO;
				SDKROOT = macosx;
			};
			name = Release;
		};
		60EFD1BE1A075A3300FE1320 /* Debug */ = {
			isa = XCBuildConfiguration;
			buildSettings = {
				PRODUCT_NAME = "$(TARGET_NAME)";
			};
			name = Debug;
		};
		60EFD1BF1A075A3300FE1320 /* Release */ = {
			isa = XCBuildConfiguration;
			buildSettings = {
				PRODUCT_NAME = "$(TARGET_NAME)";
			};
			name = Release;
		};
/* End XCBuildConfiguration section */

/* Begin XCConfigurationList section */
		60EFD1B11A075A3300FE1320 /* Build configuration list for PBXProject "Check Palindrome Linkedlist" */ = {
			isa = XCConfigurationList;
			buildConfigurations = (
				60EFD1BB1A075A3300FE1320 /* Debug */,
				60EFD1BC1A075A3300FE1320 /* Release */,
			);
			defaultConfigurationIsVisible = 0;
			defaultConfigurationName = Release;
		};
		60EFD1BD1A075A3300FE1320 /* Build configuration list for PBXNativeTarget "Check Palindrome Linkedlist" */ = {
			isa = XCConfigurationList;
			buildConfigurations = (
				60EFD1BE1A075A3300FE1320 /* Debug */,
				60EFD1BF1A075A3300FE1320 /* Release */,
			);
			defaultConfigurationIsVisible = 0;
		};
/* End XCConfigurationList section */
	};
	rootObject = 60EFD1AE1A075A3300FE1320 /* Project object */;
}
