// !$*UTF8*$!
{
	archiveVersion = 1;
	classes = {
	};
	objectVersion = 46;
	objects = {

/* Begin PBXBuildFile section */
		602A75711A0AFF34001B2381 /* main.cpp in Sources */ = {isa = PBXBuildFile; fileRef = 602A75701A0AFF34001B2381 /* main.cpp */; };
/* End PBXBuildFile section */

/* Begin PBXCopyFilesBuildPhase section */
		602A756B1A0AFF34001B2381 /* CopyFiles */ = {
			isa = PBXCopyFilesBuildPhase;
			buildActionMask = 2147483647;
			dstPath = /usr/share/man/man1/;
			dstSubfolderSpec = 0;
			files = (
			);
			runOnlyForDeploymentPostprocessing = 1;
		};
/* End PBXCopyFilesBuildPhase section */

/* Begin PBXFileReference section */
		602A756D1A0AFF34001B2381 /* Binary to Decimal */ = {isa = PBXFileReference; explicitFileType = "compiled.mach-o.executable"; includeInIndex = 0; path = "Binary to Decimal"; sourceTree = BUILT_PRODUCTS_DIR; };
		602A75701A0AFF34001B2381 /* main.cpp */ = {isa = PBXFileReference; lastKnownFileType = sourcecode.cpp.cpp; path = main.cpp; sourceTree = "<group>"; };
/* End PBXFileReference section */

/* Begin PBXFrameworksBuildPhase section */
		602A756A1A0AFF34001B2381 /* Frameworks */ = {
			isa = PBXFrameworksBuildPhase;
			buildActionMask = 2147483647;
			files = (
			);
			runOnlyForDeploymentPostprocessing = 0;
		};
/* End PBXFrameworksBuildPhase section */

/* Begin PBXGroup section */
		602A75641A0AFF34001B2381 = {
			isa = PBXGroup;
			children = (
				602A756F1A0AFF34001B2381 /* Binary to Decimal */,
				602A756E1A0AFF34001B2381 /* Products */,
			);
			sourceTree = "<group>";
		};
		602A756E1A0AFF34001B2381 /* Products */ = {
			isa = PBXGroup;
			children = (
				602A756D1A0AFF34001B2381 /* Binary to Decimal */,
			);
			name = Products;
			sourceTree = "<group>";
		};
		602A756F1A0AFF34001B2381 /* Binary to Decimal */ = {
			isa = PBXGroup;
			children = (
				602A75701A0AFF34001B2381 /* main.cpp */,
			);
			path = "Binary to Decimal";
			sourceTree = "<group>";
		};
/* End PBXGroup section */

/* Begin PBXNativeTarget section */
		602A756C1A0AFF34001B2381 /* Binary to Decimal */ = {
			isa = PBXNativeTarget;
			buildConfigurationList = 602A75741A0AFF34001B2381 /* Build configuration list for PBXNativeTarget "Binary to Decimal" */;
			buildPhases = (
				602A75691A0AFF34001B2381 /* Sources */,
				602A756A1A0AFF34001B2381 /* Frameworks */,
				602A756B1A0AFF34001B2381 /* CopyFiles */,
			);
			buildRules = (
			);
			dependencies = (
			);
			name = "Binary to Decimal";
			productName = "Binary to Decimal";
			productReference = 602A756D1A0AFF34001B2381 /* Binary to Decimal */;
			productType = "com.apple.product-type.tool";
		};
/* End PBXNativeTarget section */

/* Begin PBXProject section */
		602A75651A0AFF34001B2381 /* Project object */ = {
			isa = PBXProject;
			attributes = {
				LastUpgradeCheck = 0610;
				ORGANIZATIONNAME = "Shuai Wang";
				TargetAttributes = {
					602A756C1A0AFF34001B2381 = {
						CreatedOnToolsVersion = 6.1;
					};
				};
			};
			buildConfigurationList = 602A75681A0AFF34001B2381 /* Build configuration list for PBXProject "Binary to Decimal" */;
			compatibilityVersion = "Xcode 3.2";
			developmentRegion = English;
			hasScannedForEncodings = 0;
			knownRegions = (
				en,
			);
			mainGroup = 602A75641A0AFF34001B2381;
			productRefGroup = 602A756E1A0AFF34001B2381 /* Products */;
			projectDirPath = "";
			projectRoot = "";
			targets = (
				602A756C1A0AFF34001B2381 /* Binary to Decimal */,
			);
		};
/* End PBXProject section */

/* Begin PBXSourcesBuildPhase section */
		602A75691A0AFF34001B2381 /* Sources */ = {
			isa = PBXSourcesBuildPhase;
			buildActionMask = 2147483647;
			files = (
				602A75711A0AFF34001B2381 /* main.cpp in Sources */,
			);
			runOnlyForDeploymentPostprocessing = 0;
		};
/* End PBXSourcesBuildPhase section */

/* Begin XCBuildConfiguration section */
		602A75721A0AFF34001B2381 /* Debug */ = {
			isa = XCBuildConfiguration;
			buildSettings = {
				ALWAYS_SEARCH_USER_PATHS = NO;
				CLANG_CXX_LANGUAGE_STANDARD = "gnu++0x";
				CLANG_CXX_LIBRARY = "libc++";
				CLANG_ENABLE_MODULES = YES;
				CLANG_ENABLE_OBJC_ARC = YES;
				CLANG_WARN_BOOL_CONVERSION = YES;
				CLANG_WARN_CONSTANT_CONVERSION = YES;
				CLANG_WARN_DIRECT_OBJC_ISA_USAGE = YES_ERROR;
				CLANG_WARN_EMPTY_BODY = YES;
				CLANG_WARN_ENUM_CONVERSION = YES;
				CLANG_WARN_INT_CONVERSION = YES;
				CLANG_WARN_OBJC_ROOT_CLASS = YES_ERROR;
				CLANG_WARN_UNREACHABLE_CODE = YES;
				CLANG_WARN__DUPLICATE_METHOD_MATCH = YES;
				COPY_PHASE_STRIP = NO;
				ENABLE_STRICT_OBJC_MSGSEND = YES;
				GCC_C_LANGUAGE_STANDARD = gnu99;
				GCC_DYNAMIC_NO_PIC = NO;
				GCC_OPTIMIZATION_LEVEL = 0;
				GCC_PREPROCESSOR_DEFINITIONS = (
					"DEBUG=1",
					"$(inherited)",
				);
				GCC_SYMBOLS_PRIVATE_EXTERN = NO;
				GCC_WARN_64_TO_32_BIT_CONVERSION = YES;
				GCC_WARN_ABOUT_RETURN_TYPE = YES_ERROR;
				GCC_WARN_UNDECLARED_SELECTOR = YES;
				GCC_WARN_UNINITIALIZED_AUTOS = YES_AGGRESSIVE;
				GCC_WARN_UNUSED_FUNCTION = YES;
				GCC_WARN_UNUSED_VARIABLE = YES;
				MACOSX_DEPLOYMENT_TARGET = 10.10;
				MTL_ENABLE_DEBUG_INFO = YES;
				ONLY_ACTIVE_ARCH = YES;
				SDKROOT = macosx;
			};
			name = Debug;
		};
		602A75731A0AFF34001B2381 /* Release */ = {
			isa = XCBuildConfiguration;
			buildSettings = {
				ALWAYS_SEARCH_USER_PATHS = NO;
				CLANG_CXX_LANGUAGE_STANDARD = "gnu++0x";
				CLANG_CXX_LIBRARY = "libc++";
				CLANG_ENABLE_MODULES = YES;
				CLANG_ENABLE_OBJC_ARC = YES;
				CLANG_WARN_BOOL_CONVERSION = YES;
				CLANG_WARN_CONSTANT_CONVERSION = YES;
				CLANG_WARN_DIRECT_OBJC_ISA_USAGE = YES_ERROR;
				CLANG_WARN_EMPTY_BODY = YES;
				CLANG_WARN_ENUM_CONVERSION = YES;
				CLANG_WARN_INT_CONVERSION = YES;
				CLANG_WARN_OBJC_ROOT_CLASS = YES_ERROR;
				CLANG_WARN_UNREACHABLE_CODE = YES;
				CLANG_WARN__DUPLICATE_METHOD_MATCH = YES;
				COPY_PHASE_STRIP = YES;
				DEBUG_INFORMATION_FORMAT = "dwarf-with-dsym";
				ENABLE_NS_ASSERTIONS = NO;
				ENABLE_STRICT_OBJC_MSGSEND = YES;
				GCC_C_LANGUAGE_STANDARD = gnu99;
				GCC_WARN_64_TO_32_BIT_CONVERSION = YES;
				GCC_WARN_ABOUT_RETURN_TYPE = YES_ERROR;
				GCC_WARN_UNDECLARED_SELECTOR = YES;
				GCC_WARN_UNINITIALIZED_AUTOS = YES_AGGRESSIVE;
				GCC_WARN_UNUSED_FUNCTION = YES;
				GCC_WARN_UNUSED_VARIABLE = YES;
				MACOSX_DEPLOYMENT_TARGET = 10.10;
				MTL_ENABLE_DEBUG_INFO = NO;
				SDKROOT = macosx;
			};
			name = Release;
		};
		602A75751A0AFF34001B2381 /* Debug */ = {
			isa = XCBuildConfiguration;
			buildSettings = {
				PRODUCT_NAME = "$(TARGET_NAME)";
			};
			name = Debug;
		};
		602A75761A0AFF34001B2381 /* Release */ = {
			isa = XCBuildConfiguration;
			buildSettings = {
				PRODUCT_NAME = "$(TARGET_NAME)";
			};
			name = Release;
		};
/* End XCBuildConfiguration section */

/* Begin XCConfigurationList section */
		602A75681A0AFF34001B2381 /* Build configuration list for PBXProject "Binary to Decimal" */ = {
			isa = XCConfigurationList;
			buildConfigurations = (
				602A75721A0AFF34001B2381 /* Debug */,
				602A75731A0AFF34001B2381 /* Release */,
			);
			defaultConfigurationIsVisible = 0;
			defaultConfigurationName = Release;
		};
		602A75741A0AFF34001B2381 /* Build configuration list for PBXNativeTarget "Binary to Decimal" */ = {
			isa = XCConfigurationList;
			buildConfigurations = (
				602A75751A0AFF34001B2381 /* Debug */,
				602A75761A0AFF34001B2381 /* Release */,
			);
			defaultConfigurationIsVisible = 0;
		};
/* End XCConfigurationList section */
	};
	rootObject = 602A75651A0AFF34001B2381 /* Project object */;
}
